
Microsoft Visual Studio Solution File, Format Version 12.00
# Visual Studio Version 17
VisualStudioVersion = 17.14.36327.8 d17.14
MinimumVisualStudioVersion = 10.0.40219.1
Project("{FAE04EC0-301F-11D3-BF4B-00C04F79EFBC}") = "UdpServer", "UdpServer\UdpServer.csproj", "{9191C677-4DB9-4806-9FC4-28E7CEBC044E}"
EndProject
Global
	GlobalSection(SolutionConfigurationPlatforms) = preSolution
		Debug|Any CPU = Debug|Any CPU
		Release|Any CPU = Release|Any CPU
	EndGlobalSection
	GlobalSection(ProjectConfigurationPlatforms) = postSolution
		{9191C677-4DB9-4806-9FC4-28E7CEBC044E}.Debug|Any CPU.ActiveCfg = Debug|Any CPU
		{9191C677-4DB9-4806-9FC4-28E7CEBC044E}.Debug|Any CPU.Build.0 = Debug|Any CPU
		{9191C677-4DB9-4806-9FC4-28E7CEBC044E}.Release|Any CPU.ActiveCfg = Release|Any CPU
		{9191C677-4DB9-4806-9FC4-28E7CEBC044E}.Release|Any CPU.Build.0 = Release|Any CPU
	EndGlobalSection
	GlobalSection(SolutionProperties) = preSolution
		HideSolutionNode = FALSE
	EndGlobalSection
	GlobalSection(ExtensibilityGlobals) = postSolution
		SolutionGuid = {7A340208-A3D2-4154-BB29-5A48660C7541}
	EndGlobalSection
EndGlobal
