
Microsoft Visual Studio Solution File, Format Version 12.00
Project("{FAE04EC0-301F-11D3-BF4B-00C04F79EFBC}") = "DockerMultiWebApp", "DockerMultiWebApp\DockerMultiWebApp.csproj", "{107ED085-D2FE-4E0E-BE3F-D8940F5E43A2}"
EndProject
Project("{FAE04EC0-301F-11D3-BF4B-00C04F79EFBC}") = "DockerMultiWebApi", "DockerMultiWebApi\DockerMultiWebApi.csproj", "{C4A88F2B-1610-4F89-8988-FBCECD3EA067}"
EndProject
Project("{2150E333-8FDC-42A3-9474-1A3956D46DE8}") = "Solution Items", "Solution Items", "{89C826C0-D514-49C7-94E9-06302A36DA1F}"
	ProjectSection(SolutionItems) = preProject
		compose.yaml = compose.yaml
	EndProjectSection
EndProject
Global
	GlobalSection(SolutionConfigurationPlatforms) = preSolution
		Debug|Any CPU = Debug|Any CPU
		Release|Any CPU = Release|Any CPU
	EndGlobalSection
	GlobalSection(ProjectConfigurationPlatforms) = postSolution
		{107ED085-D2FE-4E0E-BE3F-D8940F5E43A2}.Debug|Any CPU.ActiveCfg = Debug|Any CPU
		{107ED085-D2FE-4E0E-BE3F-D8940F5E43A2}.Debug|Any CPU.Build.0 = Debug|Any CPU
		{107ED085-D2FE-4E0E-BE3F-D8940F5E43A2}.Release|Any CPU.ActiveCfg = Release|Any CPU
		{107ED085-D2FE-4E0E-BE3F-D8940F5E43A2}.Release|Any CPU.Build.0 = Release|Any CPU
		{C4A88F2B-1610-4F89-8988-FBCECD3EA067}.Debug|Any CPU.ActiveCfg = Debug|Any CPU
		{C4A88F2B-1610-4F89-8988-FBCECD3EA067}.Debug|Any CPU.Build.0 = Debug|Any CPU
		{C4A88F2B-1610-4F89-8988-FBCECD3EA067}.Release|Any CPU.ActiveCfg = Release|Any CPU
		{C4A88F2B-1610-4F89-8988-FBCECD3EA067}.Release|Any CPU.Build.0 = Release|Any CPU
	EndGlobalSection
EndGlobal
