
Microsoft Visual Studio Solution File, Format Version 12.00
# Visual Studio Version 17
VisualStudioVersion = 17.14.36327.8
MinimumVisualStudioVersion = 10.0.40219.1
Project("{FAE04EC0-301F-11D3-BF4B-00C04F79EFBC}") = "TcpServer", "TcpServer\TcpServer.csproj", "{7B435B4B-A9E3-4843-A86C-00B04174EC03}"
EndProject
Project("{FAE04EC0-301F-11D3-BF4B-00C04F79EFBC}") = "Shared", "Shared\Shared.csproj", "{5174048F-6592-4AD9-973F-8E9F1B455CF5}"
EndProject
Global
	GlobalSection(SolutionConfigurationPlatforms) = preSolution
		Debug|Any CPU = Debug|Any CPU
		Release|Any CPU = Release|Any CPU
	EndGlobalSection
	GlobalSection(ProjectConfigurationPlatforms) = postSolution
		{7B435B4B-A9E3-4843-A86C-00B04174EC03}.Debug|Any CPU.ActiveCfg = Debug|Any CPU
		{7B435B4B-A9E3-4843-A86C-00B04174EC03}.Debug|Any CPU.Build.0 = Debug|Any CPU
		{7B435B4B-A9E3-4843-A86C-00B04174EC03}.Release|Any CPU.ActiveCfg = Release|Any CPU
		{7B435B4B-A9E3-4843-A86C-00B04174EC03}.Release|Any CPU.Build.0 = Release|Any CPU
		{5174048F-6592-4AD9-973F-8E9F1B455CF5}.Debug|Any CPU.ActiveCfg = Debug|Any CPU
		{5174048F-6592-4AD9-973F-8E9F1B455CF5}.Debug|Any CPU.Build.0 = Debug|Any CPU
		{5174048F-6592-4AD9-973F-8E9F1B455CF5}.Release|Any CPU.ActiveCfg = Release|Any CPU
		{5174048F-6592-4AD9-973F-8E9F1B455CF5}.Release|Any CPU.Build.0 = Release|Any CPU
	EndGlobalSection
	GlobalSection(SolutionProperties) = preSolution
		HideSolutionNode = FALSE
	EndGlobalSection
	GlobalSection(ExtensibilityGlobals) = postSolution
		SolutionGuid = {35F19CCA-8573-4BEF-B0D5-EB10FD0E06EF}
	EndGlobalSection
EndGlobal
